// !$*UTF8*$!
{
	archiveVersion = 1;
	classes = {
	};
	objectVersion = 46;
	objects = {

/* Begin PBXBuildFile section */
		0D74B1D31BFE8AFD006D6903 /* main.swift in Sources */ = {isa = PBXBuildFile; fileRef = 0D74B1D21BFE8AFD006D6903 /* main.swift */; };
		0D74B1D71BFE8B2E006D6903 /* Configuration.swift in Sources */ = {isa = PBXBuildFile; fileRef = 75F8712E1BF34BC800DE4C75 /* Configuration.swift */; };
		0D74B1D81BFE8B2E006D6903 /* ProjectConfigExtractor.swift in Sources */ = {isa = PBXBuildFile; fileRef = 75F8712A1BF2795200DE4C75 /* ProjectConfigExtractor.swift */; };
		0D74B1D91BFE8B2E006D6903 /* IconsCreator.swift in Sources */ = {isa = PBXBuildFile; fileRef = 75F871391BF3C44700DE4C75 /* IconsCreator.swift */; };
		0D74B1DA1BFE8B2E006D6903 /* PBXProjEditor.swift in Sources */ = {isa = PBXBuildFile; fileRef = 753DC1231BF4CE5400DA756C /* PBXProjEditor.swift */; };
		0D74B1DB1BFE8B74006D6903 /* Contents.json in CopyFiles */ = {isa = PBXBuildFile; fileRef = 75F8713B1BF3CAEA00DE4C75 /* Contents.json */; };
		0D74B1DC1BFE8B74006D6903 /* create.sh in CopyFiles */ = {isa = PBXBuildFile; fileRef = 75F871371BF39D5600DE4C75 /* create.sh */; };
		0D74B1DE1BFE8B8D006D6903 /* Contents.json in CopyFiles */ = {isa = PBXBuildFile; fileRef = 75F8713B1BF3CAEA00DE4C75 /* Contents.json */; };
		0D74B1DF1BFE8B8D006D6903 /* create.sh in CopyFiles */ = {isa = PBXBuildFile; fileRef = 75F871371BF39D5600DE4C75 /* create.sh */; };
		0D74B1E31BFE8FB4006D6903 /* YamlDefaultInitializer.swift in Sources */ = {isa = PBXBuildFile; fileRef = 0D74B1E21BFE8FB4006D6903 /* YamlDefaultInitializer.swift */; };
		0D74B1E51BFE9096006D6903 /* YamlHandler.swift in Sources */ = {isa = PBXBuildFile; fileRef = 0D74B1E41BFE9096006D6903 /* YamlHandler.swift */; };
		0D74B1E61BFE90D0006D6903 /* YamlHandler.swift in Sources */ = {isa = PBXBuildFile; fileRef = 0D74B1E41BFE9096006D6903 /* YamlHandler.swift */; };
		0D74B1E81BFE9B8E006D6903 /* testConfiguration.yaml in Resources */ = {isa = PBXBuildFile; fileRef = 0D74B1E71BFE9B8E006D6903 /* testConfiguration.yaml */; };
		0DB7A7751BF9E40E0069CDD1 /* ProjectConfigExtractorTests.swift in Sources */ = {isa = PBXBuildFile; fileRef = 0DB7A7741BF9E40E0069CDD1 /* ProjectConfigExtractorTests.swift */; };
		0DB7A8261BF9E9F30069CDD1 /* SchemaTestProject.bin in Resources */ = {isa = PBXBuildFile; fileRef = 0DB7A8251BF9E9F30069CDD1 /* SchemaTestProject.bin */; };
		753DC1241BF4CE5400DA756C /* PBXProjEditor.swift in Sources */ = {isa = PBXBuildFile; fileRef = 753DC1231BF4CE5400DA756C /* PBXProjEditor.swift */; };
		759D24991BF3D82E008530A3 /* xcodeproject-inactive.png in Resources */ = {isa = PBXBuildFile; fileRef = 759D24981BF3D82E008530A3 /* xcodeproject-inactive.png */; };
		759D249B1BF3D917008530A3 /* appIconGridScreenshots.png in Resources */ = {isa = PBXBuildFile; fileRef = 759D249A1BF3D917008530A3 /* appIconGridScreenshots.png */; };
		75A86F7D1BF3D79C002AD9A8 /* xcodeproject.png in Resources */ = {isa = PBXBuildFile; fileRef = 75A86F7C1BF3D79C002AD9A8 /* xcodeproject.png */; };
		75F871001BF26AA400DE4C75 /* AppDelegate.swift in Sources */ = {isa = PBXBuildFile; fileRef = 75F870FF1BF26AA400DE4C75 /* AppDelegate.swift */; };
		75F871021BF26AA400DE4C75 /* ViewController.swift in Sources */ = {isa = PBXBuildFile; fileRef = 75F871011BF26AA400DE4C75 /* ViewController.swift */; };
		75F871041BF26AA400DE4C75 /* Assets.xcassets in Resources */ = {isa = PBXBuildFile; fileRef = 75F871031BF26AA400DE4C75 /* Assets.xcassets */; };
		75F871071BF26AA400DE4C75 /* Main.storyboard in Resources */ = {isa = PBXBuildFile; fileRef = 75F871051BF26AA400DE4C75 /* Main.storyboard */; };
		75F871121BF26AA400DE4C75 /* IconBuilderTests.swift in Sources */ = {isa = PBXBuildFile; fileRef = 75F871111BF26AA400DE4C75 /* IconBuilderTests.swift */; };
		75F8712B1BF2795200DE4C75 /* ProjectConfigExtractor.swift in Sources */ = {isa = PBXBuildFile; fileRef = 75F8712A1BF2795200DE4C75 /* ProjectConfigExtractor.swift */; };
		75F8712D1BF2853E00DE4C75 /* DragFileView.swift in Sources */ = {isa = PBXBuildFile; fileRef = 75F8712C1BF2853E00DE4C75 /* DragFileView.swift */; };
		75F8712F1BF34BC800DE4C75 /* Configuration.swift in Sources */ = {isa = PBXBuildFile; fileRef = 75F8712E1BF34BC800DE4C75 /* Configuration.swift */; };
		75F871381BF39D5600DE4C75 /* create.sh in Resources */ = {isa = PBXBuildFile; fileRef = 75F871371BF39D5600DE4C75 /* create.sh */; };
		75F8713A1BF3C44700DE4C75 /* IconsCreator.swift in Sources */ = {isa = PBXBuildFile; fileRef = 75F871391BF3C44700DE4C75 /* IconsCreator.swift */; };
		75F8713C1BF3CAEA00DE4C75 /* Contents.json in Resources */ = {isa = PBXBuildFile; fileRef = 75F8713B1BF3CAEA00DE4C75 /* Contents.json */; };
/* End PBXBuildFile section */

/* Begin PBXContainerItemProxy section */
		75F8710E1BF26AA400DE4C75 /* PBXContainerItemProxy */ = {
			isa = PBXContainerItemProxy;
			containerPortal = 75F870F41BF26AA400DE4C75 /* Project object */;
			proxyType = 1;
			remoteGlobalIDString = 75F870FB1BF26AA400DE4C75;
			remoteInfo = IconBuilder;
		};
/* End PBXContainerItemProxy section */

/* Begin PBXCopyFilesBuildPhase section */
		0D74B1CE1BFE8AFD006D6903 /* CopyFiles */ = {
			isa = PBXCopyFilesBuildPhase;
			buildActionMask = 12;
			dstPath = "";
			dstSubfolderSpec = 7;
			files = (
				0D74B1DB1BFE8B74006D6903 /* Contents.json in CopyFiles */,
				0D74B1DC1BFE8B74006D6903 /* create.sh in CopyFiles */,
			);
			runOnlyForDeploymentPostprocessing = 0;
		};
		0D74B1DD1BFE8B87006D6903 /* CopyFiles */ = {
			isa = PBXCopyFilesBuildPhase;
			buildActionMask = 2147483647;
			dstPath = "";
			dstSubfolderSpec = 7;
			files = (
				0D74B1DE1BFE8B8D006D6903 /* Contents.json in CopyFiles */,
				0D74B1DF1BFE8B8D006D6903 /* create.sh in CopyFiles */,
			);
			runOnlyForDeploymentPostprocessing = 0;
		};
/* End PBXCopyFilesBuildPhase section */

/* Begin PBXFileReference section */
		0D74B1D01BFE8AFD006D6903 /* XZibit */ = {isa = PBXFileReference; explicitFileType = "compiled.mach-o.executable"; includeInIndex = 0; path = XZibit; sourceTree = BUILT_PRODUCTS_DIR; };
		0D74B1D21BFE8AFD006D6903 /* main.swift */ = {isa = PBXFileReference; lastKnownFileType = sourcecode.swift; path = main.swift; sourceTree = "<group>"; };
		0D74B1E21BFE8FB4006D6903 /* YamlDefaultInitializer.swift */ = {isa = PBXFileReference; fileEncoding = 4; lastKnownFileType = sourcecode.swift; path = YamlDefaultInitializer.swift; sourceTree = "<group>"; };
		0D74B1E41BFE9096006D6903 /* YamlHandler.swift */ = {isa = PBXFileReference; fileEncoding = 4; lastKnownFileType = sourcecode.swift; path = YamlHandler.swift; sourceTree = "<group>"; };
		0D74B1E71BFE9B8E006D6903 /* testConfiguration.yaml */ = {isa = PBXFileReference; fileEncoding = 4; lastKnownFileType = text; path = testConfiguration.yaml; sourceTree = "<group>"; };
		0DB7A7741BF9E40E0069CDD1 /* ProjectConfigExtractorTests.swift */ = {isa = PBXFileReference; fileEncoding = 4; lastKnownFileType = sourcecode.swift; path = ProjectConfigExtractorTests.swift; sourceTree = "<group>"; };
		0DB7A8251BF9E9F30069CDD1 /* SchemaTestProject.bin */ = {isa = PBXFileReference; lastKnownFileType = archive.macbinary; path = SchemaTestProject.bin; sourceTree = "<group>"; };
		753DC1231BF4CE5400DA756C /* PBXProjEditor.swift */ = {isa = PBXFileReference; fileEncoding = 4; lastKnownFileType = sourcecode.swift; name = PBXProjEditor.swift; path = ../IconBuilder/PBXProjEditor.swift; sourceTree = "<group>"; };
		759D24981BF3D82E008530A3 /* xcodeproject-inactive.png */ = {isa = PBXFileReference; lastKnownFileType = image.png; path = "xcodeproject-inactive.png"; sourceTree = "<group>"; };
		759D249A1BF3D917008530A3 /* appIconGridScreenshots.png */ = {isa = PBXFileReference; lastKnownFileType = image.png; path = appIconGridScreenshots.png; sourceTree = "<group>"; };
		75A86F7C1BF3D79C002AD9A8 /* xcodeproject.png */ = {isa = PBXFileReference; lastKnownFileType = image.png; path = xcodeproject.png; sourceTree = "<group>"; };
		75F870FC1BF26AA400DE4C75 /* IconBuilder.app */ = {isa = PBXFileReference; explicitFileType = wrapper.application; includeInIndex = 0; path = IconBuilder.app; sourceTree = BUILT_PRODUCTS_DIR; };
		75F870FF1BF26AA400DE4C75 /* AppDelegate.swift */ = {isa = PBXFileReference; lastKnownFileType = sourcecode.swift; path = AppDelegate.swift; sourceTree = "<group>"; };
		75F871011BF26AA400DE4C75 /* ViewController.swift */ = {isa = PBXFileReference; lastKnownFileType = sourcecode.swift; path = ViewController.swift; sourceTree = "<group>"; };
		75F871031BF26AA400DE4C75 /* Assets.xcassets */ = {isa = PBXFileReference; lastKnownFileType = folder.assetcatalog; path = Assets.xcassets; sourceTree = "<group>"; };
		75F871061BF26AA400DE4C75 /* Base */ = {isa = PBXFileReference; lastKnownFileType = file.storyboard; name = Base; path = Base.lproj/Main.storyboard; sourceTree = "<group>"; };
		75F871081BF26AA400DE4C75 /* Info.plist */ = {isa = PBXFileReference; lastKnownFileType = text.plist.xml; path = Info.plist; sourceTree = "<group>"; };
		75F8710D1BF26AA400DE4C75 /* IconBuilderTests.xctest */ = {isa = PBXFileReference; explicitFileType = wrapper.cfbundle; includeInIndex = 0; path = IconBuilderTests.xctest; sourceTree = BUILT_PRODUCTS_DIR; };
		75F871111BF26AA400DE4C75 /* IconBuilderTests.swift */ = {isa = PBXFileReference; lastKnownFileType = sourcecode.swift; path = IconBuilderTests.swift; sourceTree = "<group>"; };
		75F871131BF26AA400DE4C75 /* Info.plist */ = {isa = PBXFileReference; lastKnownFileType = text.plist.xml; path = Info.plist; sourceTree = "<group>"; };
		75F8711E1BF26AA400DE4C75 /* Info.plist */ = {isa = PBXFileReference; lastKnownFileType = text.plist.xml; path = Info.plist; sourceTree = "<group>"; };
		75F8712A1BF2795200DE4C75 /* ProjectConfigExtractor.swift */ = {isa = PBXFileReference; fileEncoding = 4; lastKnownFileType = sourcecode.swift; name = ProjectConfigExtractor.swift; path = ../IconBuilder/ProjectConfigExtractor.swift; sourceTree = "<group>"; };
		75F8712C1BF2853E00DE4C75 /* DragFileView.swift */ = {isa = PBXFileReference; fileEncoding = 4; lastKnownFileType = sourcecode.swift; path = DragFileView.swift; sourceTree = "<group>"; };
		75F8712E1BF34BC800DE4C75 /* Configuration.swift */ = {isa = PBXFileReference; fileEncoding = 4; lastKnownFileType = sourcecode.swift; name = Configuration.swift; path = ../IconBuilder/Configuration.swift; sourceTree = "<group>"; };
		75F871371BF39D5600DE4C75 /* create.sh */ = {isa = PBXFileReference; fileEncoding = 4; lastKnownFileType = text.script.sh; name = create.sh; path = ../IconBuilder/create.sh; sourceTree = "<group>"; };
		75F871391BF3C44700DE4C75 /* IconsCreator.swift */ = {isa = PBXFileReference; fileEncoding = 4; lastKnownFileType = sourcecode.swift; name = IconsCreator.swift; path = ../IconBuilder/IconsCreator.swift; sourceTree = "<group>"; };
		75F8713B1BF3CAEA00DE4C75 /* Contents.json */ = {isa = PBXFileReference; fileEncoding = 4; lastKnownFileType = text.json; name = Contents.json; path = ../IconBuilder/Contents.json; sourceTree = "<group>"; };
/* End PBXFileReference section */

/* Begin PBXFrameworksBuildPhase section */
		0D74B1CD1BFE8AFD006D6903 /* Frameworks */ = {
			isa = PBXFrameworksBuildPhase;
			buildActionMask = 2147483647;
			files = (
			);
			runOnlyForDeploymentPostprocessing = 0;
		};
		75F870F91BF26AA400DE4C75 /* Frameworks */ = {
			isa = PBXFrameworksBuildPhase;
			buildActionMask = 2147483647;
			files = (
			);
			runOnlyForDeploymentPostprocessing = 0;
		};
		75F8710A1BF26AA400DE4C75 /* Frameworks */ = {
			isa = PBXFrameworksBuildPhase;
			buildActionMask = 2147483647;
			files = (
			);
			runOnlyForDeploymentPostprocessing = 0;
		};
/* End PBXFrameworksBuildPhase section */

/* Begin PBXGroup section */
		0D74B1D11BFE8AFD006D6903 /* XZibit */ = {
			isa = PBXGroup;
			children = (
				75F8712E1BF34BC800DE4C75 /* Configuration.swift */,
				75F8712A1BF2795200DE4C75 /* ProjectConfigExtractor.swift */,
				75F871391BF3C44700DE4C75 /* IconsCreator.swift */,
				753DC1231BF4CE5400DA756C /* PBXProjEditor.swift */,
				75F8713B1BF3CAEA00DE4C75 /* Contents.json */,
				75F871371BF39D5600DE4C75 /* create.sh */,
				0D74B1D21BFE8AFD006D6903 /* main.swift */,
				0D74B1E41BFE9096006D6903 /* YamlHandler.swift */,
			);
			path = XZibit;
			sourceTree = "<group>";
		};
		0DB7A7761BF9E4190069CDD1 /* ConfigExtractorTests */ = {
			isa = PBXGroup;
			children = (
				0DB7A8251BF9E9F30069CDD1 /* SchemaTestProject.bin */,
				0DB7A7741BF9E40E0069CDD1 /* ProjectConfigExtractorTests.swift */,
			);
			name = ConfigExtractorTests;
			sourceTree = "<group>";
		};
		75F870F31BF26AA400DE4C75 = {
			isa = PBXGroup;
			children = (
				75F870FE1BF26AA400DE4C75 /* IconBuilder */,
				75F871101BF26AA400DE4C75 /* IconBuilderTests */,
				75F8711B1BF26AA400DE4C75 /* IconBuilderUITests */,
				0D74B1D11BFE8AFD006D6903 /* XZibit */,
				75F870FD1BF26AA400DE4C75 /* Products */,
			);
			sourceTree = "<group>";
		};
		75F870FD1BF26AA400DE4C75 /* Products */ = {
			isa = PBXGroup;
			children = (
				75F870FC1BF26AA400DE4C75 /* IconBuilder.app */,
				75F8710D1BF26AA400DE4C75 /* IconBuilderTests.xctest */,
				0D74B1D01BFE8AFD006D6903 /* XZibit */,
			);
			name = Products;
			sourceTree = "<group>";
		};
		75F870FE1BF26AA400DE4C75 /* IconBuilder */ = {
			isa = PBXGroup;
			children = (
				75F870FF1BF26AA400DE4C75 /* AppDelegate.swift */,
				75F871011BF26AA400DE4C75 /* ViewController.swift */,
				75F8712C1BF2853E00DE4C75 /* DragFileView.swift */,
				75F871031BF26AA400DE4C75 /* Assets.xcassets */,
				75F871051BF26AA400DE4C75 /* Main.storyboard */,
				75A86F7C1BF3D79C002AD9A8 /* xcodeproject.png */,
				759D249A1BF3D917008530A3 /* appIconGridScreenshots.png */,
				759D24981BF3D82E008530A3 /* xcodeproject-inactive.png */,
				75F871081BF26AA400DE4C75 /* Info.plist */,
			);
			path = IconBuilder;
			sourceTree = "<group>";
		};
		75F871101BF26AA400DE4C75 /* IconBuilderTests */ = {
			isa = PBXGroup;
			children = (
				75F871111BF26AA400DE4C75 /* IconBuilderTests.swift */,
				0D74B1E71BFE9B8E006D6903 /* testConfiguration.yaml */,
				0D74B1E21BFE8FB4006D6903 /* YamlDefaultInitializer.swift */,
				75F871131BF26AA400DE4C75 /* Info.plist */,
				0DB7A7761BF9E4190069CDD1 /* ConfigExtractorTests */,
			);
			path = IconBuilderTests;
			sourceTree = "<group>";
		};
		75F8711B1BF26AA400DE4C75 /* IconBuilderUITests */ = {
			isa = PBXGroup;
			children = (
				75F8711E1BF26AA400DE4C75 /* Info.plist */,
			);
			path = IconBuilderUITests;
			sourceTree = "<group>";
		};
/* End PBXGroup section */

/* Begin PBXNativeTarget section */
		0D74B1CF1BFE8AFD006D6903 /* XZibit */ = {
			isa = PBXNativeTarget;
			buildConfigurationList = 0D74B1D61BFE8AFD006D6903 /* Build configuration list for PBXNativeTarget "XZibit" */;
			buildPhases = (
				0D74B1CC1BFE8AFD006D6903 /* Sources */,
				0D74B1CD1BFE8AFD006D6903 /* Frameworks */,
				0D74B1CE1BFE8AFD006D6903 /* CopyFiles */,
			);
			buildRules = (
			);
			dependencies = (
			);
			name = XZibit;
			productName = XZibit;
			productReference = 0D74B1D01BFE8AFD006D6903 /* XZibit */;
			productType = "com.apple.product-type.tool";
		};
		75F870FB1BF26AA400DE4C75 /* IconBuilder */ = {
			isa = PBXNativeTarget;
			buildConfigurationList = 75F871211BF26AA400DE4C75 /* Build configuration list for PBXNativeTarget "IconBuilder" */;
			buildPhases = (
				75F870F81BF26AA400DE4C75 /* Sources */,
				75F870F91BF26AA400DE4C75 /* Frameworks */,
				75F870FA1BF26AA400DE4C75 /* Resources */,
				0D74B1DD1BFE8B87006D6903 /* CopyFiles */,
			);
			buildRules = (
			);
			dependencies = (
			);
			name = IconBuilder;
			productName = IconBuilder;
			productReference = 75F870FC1BF26AA400DE4C75 /* IconBuilder.app */;
			productType = "com.apple.product-type.application";
		};
		75F8710C1BF26AA400DE4C75 /* IconBuilderTests */ = {
			isa = PBXNativeTarget;
			buildConfigurationList = 75F871241BF26AA400DE4C75 /* Build configuration list for PBXNativeTarget "IconBuilderTests" */;
			buildPhases = (
				75F871091BF26AA400DE4C75 /* Sources */,
				75F8710A1BF26AA400DE4C75 /* Frameworks */,
				75F8710B1BF26AA400DE4C75 /* Resources */,
			);
			buildRules = (
			);
			dependencies = (
				75F8710F1BF26AA400DE4C75 /* PBXTargetDependency */,
			);
			name = IconBuilderTests;
			productName = IconBuilderTests;
			productReference = 75F8710D1BF26AA400DE4C75 /* IconBuilderTests.xctest */;
			productType = "com.apple.product-type.bundle.unit-test";
		};
/* End PBXNativeTarget section */

/* Begin PBXProject section */
		75F870F41BF26AA400DE4C75 /* Project object */ = {
			isa = PBXProject;
			attributes = {
				LastSwiftUpdateCheck = 0710;
				LastUpgradeCheck = 0710;
				ORGANIZATIONNAME = "Andrei Vidrasco";
				TargetAttributes = {
					0D74B1CF1BFE8AFD006D6903 = {
						CreatedOnToolsVersion = 7.1.1;
					};
					75F870FB1BF26AA400DE4C75 = {
						CreatedOnToolsVersion = 7.1;
					};
					75F8710C1BF26AA400DE4C75 = {
						CreatedOnToolsVersion = 7.1;
						TestTargetID = 75F870FB1BF26AA400DE4C75;
					};
				};
			};
			buildConfigurationList = 75F870F71BF26AA400DE4C75 /* Build configuration list for PBXProject "IconBuilder" */;
			compatibilityVersion = "Xcode 3.2";
			developmentRegion = English;
			hasScannedForEncodings = 0;
			knownRegions = (
				en,
				Base,
			);
			mainGroup = 75F870F31BF26AA400DE4C75;
			productRefGroup = 75F870FD1BF26AA400DE4C75 /* Products */;
			projectDirPath = "";
			projectRoot = "";
			targets = (
				75F870FB1BF26AA400DE4C75 /* IconBuilder */,
				0D74B1CF1BFE8AFD006D6903 /* XZibit */,
				75F8710C1BF26AA400DE4C75 /* IconBuilderTests */,
			);
		};
/* End PBXProject section */

/* Begin PBXResourcesBuildPhase section */
		75F870FA1BF26AA400DE4C75 /* Resources */ = {
			isa = PBXResourcesBuildPhase;
			buildActionMask = 2147483647;
			files = (
				759D24991BF3D82E008530A3 /* xcodeproject-inactive.png in Resources */,
				75A86F7D1BF3D79C002AD9A8 /* xcodeproject.png in Resources */,
				75F871041BF26AA400DE4C75 /* Assets.xcassets in Resources */,
				75F871381BF39D5600DE4C75 /* create.sh in Resources */,
				75F871071BF26AA400DE4C75 /* Main.storyboard in Resources */,
				75F8713C1BF3CAEA00DE4C75 /* Contents.json in Resources */,
				759D249B1BF3D917008530A3 /* appIconGridScreenshots.png in Resources */,
			);
			runOnlyForDeploymentPostprocessing = 0;
		};
		75F8710B1BF26AA400DE4C75 /* Resources */ = {
			isa = PBXResourcesBuildPhase;
			buildActionMask = 2147483647;
			files = (
				0DB7A8261BF9E9F30069CDD1 /* SchemaTestProject.bin in Resources */,
				0D74B1E81BFE9B8E006D6903 /* testConfiguration.yaml in Resources */,
			);
			runOnlyForDeploymentPostprocessing = 0;
		};
/* End PBXResourcesBuildPhase section */

/* Begin PBXSourcesBuildPhase section */
		0D74B1CC1BFE8AFD006D6903 /* Sources */ = {
			isa = PBXSourcesBuildPhase;
			buildActionMask = 2147483647;
			files = (
				0D74B1D71BFE8B2E006D6903 /* Configuration.swift in Sources */,
				0D74B1E51BFE9096006D6903 /* YamlHandler.swift in Sources */,
				0D74B1D91BFE8B2E006D6903 /* IconsCreator.swift in Sources */,
				0D74B1D31BFE8AFD006D6903 /* main.swift in Sources */,
				0D74B1D81BFE8B2E006D6903 /* ProjectConfigExtractor.swift in Sources */,
				0D74B1DA1BFE8B2E006D6903 /* PBXProjEditor.swift in Sources */,
			);
			runOnlyForDeploymentPostprocessing = 0;
		};
		75F870F81BF26AA400DE4C75 /* Sources */ = {
			isa = PBXSourcesBuildPhase;
			buildActionMask = 2147483647;
			files = (
				75F871021BF26AA400DE4C75 /* ViewController.swift in Sources */,
				75F8712F1BF34BC800DE4C75 /* Configuration.swift in Sources */,
				75F871001BF26AA400DE4C75 /* AppDelegate.swift in Sources */,
				75F8712D1BF2853E00DE4C75 /* DragFileView.swift in Sources */,
				75F8712B1BF2795200DE4C75 /* ProjectConfigExtractor.swift in Sources */,
				0D74B1E61BFE90D0006D6903 /* YamlHandler.swift in Sources */,
				753DC1241BF4CE5400DA756C /* PBXProjEditor.swift in Sources */,
				75F8713A1BF3C44700DE4C75 /* IconsCreator.swift in Sources */,
			);
			runOnlyForDeploymentPostprocessing = 0;
		};
		75F871091BF26AA400DE4C75 /* Sources */ = {
			isa = PBXSourcesBuildPhase;
			buildActionMask = 2147483647;
			files = (
				0D74B1E31BFE8FB4006D6903 /* YamlDefaultInitializer.swift in Sources */,
				0DB7A7751BF9E40E0069CDD1 /* ProjectConfigExtractorTests.swift in Sources */,
				75F871121BF26AA400DE4C75 /* IconBuilderTests.swift in Sources */,
			);
			runOnlyForDeploymentPostprocessing = 0;
		};
/* End PBXSourcesBuildPhase section */

/* Begin PBXTargetDependency section */
		75F8710F1BF26AA400DE4C75 /* PBXTargetDependency */ = {
			isa = PBXTargetDependency;
			target = 75F870FB1BF26AA400DE4C75 /* IconBuilder */;
			targetProxy = 75F8710E1BF26AA400DE4C75 /* PBXContainerItemProxy */;
		};
/* End PBXTargetDependency section */

/* Begin PBXVariantGroup section */
		75F871051BF26AA400DE4C75 /* Main.storyboard */ = {
			isa = PBXVariantGroup;
			children = (
				75F871061BF26AA400DE4C75 /* Base */,
			);
			name = Main.storyboard;
			sourceTree = "<group>";
		};
/* End PBXVariantGroup section */

/* Begin XCBuildConfiguration section */
		0D74B1D41BFE8AFD006D6903 /* Debug */ = {
			isa = XCBuildConfiguration;
			buildSettings = {
				PRODUCT_NAME = "$(TARGET_NAME)";
			};
			name = Debug;
		};
		0D74B1D51BFE8AFD006D6903 /* Release */ = {
			isa = XCBuildConfiguration;
			buildSettings = {
				PRODUCT_NAME = "$(TARGET_NAME)";
			};
			name = Release;
		};
		75F8711F1BF26AA400DE4C75 /* Debug */ = {
			isa = XCBuildConfiguration;
			buildSettings = {
				ALWAYS_SEARCH_USER_PATHS = NO;
				CLANG_CXX_LANGUAGE_STANDARD = "gnu++0x";
				CLANG_CXX_LIBRARY = "libc++";
				CLANG_ENABLE_MODULES = YES;
				CLANG_ENABLE_OBJC_ARC = YES;
				CLANG_WARN_BOOL_CONVERSION = YES;
				CLANG_WARN_CONSTANT_CONVERSION = YES;
				CLANG_WARN_DIRECT_OBJC_ISA_USAGE = YES_ERROR;
				CLANG_WARN_EMPTY_BODY = YES;
				CLANG_WARN_ENUM_CONVERSION = YES;
				CLANG_WARN_INT_CONVERSION = YES;
				CLANG_WARN_OBJC_ROOT_CLASS = YES_ERROR;
				CLANG_WARN_UNREACHABLE_CODE = YES;
				CLANG_WARN__DUPLICATE_METHOD_MATCH = YES;
				CODE_SIGN_IDENTITY = "-";
				COPY_PHASE_STRIP = NO;
				DEBUG_INFORMATION_FORMAT = dwarf;
				ENABLE_STRICT_OBJC_MSGSEND = YES;
				ENABLE_TESTABILITY = YES;
				GCC_C_LANGUAGE_STANDARD = gnu99;
				GCC_DYNAMIC_NO_PIC = NO;
				GCC_NO_COMMON_BLOCKS = YES;
				GCC_OPTIMIZATION_LEVEL = 0;
				GCC_PREPROCESSOR_DEFINITIONS = (
					"DEBUG=1",
					"$(inherited)",
				);
				GCC_WARN_64_TO_32_BIT_CONVERSION = YES;
				GCC_WARN_ABOUT_RETURN_TYPE = YES_ERROR;
				GCC_WARN_UNDECLARED_SELECTOR = YES;
				GCC_WARN_UNINITIALIZED_AUTOS = YES_AGGRESSIVE;
				GCC_WARN_UNUSED_FUNCTION = YES;
				GCC_WARN_UNUSED_VARIABLE = YES;
				MACOSX_DEPLOYMENT_TARGET = 10.11;
				MTL_ENABLE_DEBUG_INFO = YES;
				ONLY_ACTIVE_ARCH = YES;
				SDKROOT = macosx;
				SWIFT_OPTIMIZATION_LEVEL = "-Onone";
			};
			name = Debug;
		};
		75F871201BF26AA400DE4C75 /* Release */ = {
			isa = XCBuildConfiguration;
			buildSettings = {
				ALWAYS_SEARCH_USER_PATHS = NO;
				CLANG_CXX_LANGUAGE_STANDARD = "gnu++0x";
				CLANG_CXX_LIBRARY = "libc++";
				CLANG_ENABLE_MODULES = YES;
				CLANG_ENABLE_OBJC_ARC = YES;
				CLANG_WARN_BOOL_CONVERSION = YES;
				CLANG_WARN_CONSTANT_CONVERSION = YES;
				CLANG_WARN_DIRECT_OBJC_ISA_USAGE = YES_ERROR;
				CLANG_WARN_EMPTY_BODY = YES;
				CLANG_WARN_ENUM_CONVERSION = YES;
				CLANG_WARN_INT_CONVERSION = YES;
				CLANG_WARN_OBJC_ROOT_CLASS = YES_ERROR;
				CLANG_WARN_UNREACHABLE_CODE = YES;
				CLANG_WARN__DUPLICATE_METHOD_MATCH = YES;
				CODE_SIGN_IDENTITY = "-";
				COPY_PHASE_STRIP = NO;
				DEBUG_INFORMATION_FORMAT = "dwarf-with-dsym";
				ENABLE_NS_ASSERTIONS = NO;
				ENABLE_STRICT_OBJC_MSGSEND = YES;
				GCC_C_LANGUAGE_STANDARD = gnu99;
				GCC_NO_COMMON_BLOCKS = YES;
				GCC_WARN_64_TO_32_BIT_CONVERSION = YES;
				GCC_WARN_ABOUT_RETURN_TYPE = YES_ERROR;
				GCC_WARN_UNDECLARED_SELECTOR = YES;
				GCC_WARN_UNINITIALIZED_AUTOS = YES_AGGRESSIVE;
				GCC_WARN_UNUSED_FUNCTION = YES;
				GCC_WARN_UNUSED_VARIABLE = YES;
				MACOSX_DEPLOYMENT_TARGET = 10.11;
				MTL_ENABLE_DEBUG_INFO = NO;
				SDKROOT = macosx;
			};
			name = Release;
		};
		75F871221BF26AA400DE4C75 /* Debug */ = {
			isa = XCBuildConfiguration;
			buildSettings = {
				ASSETCATALOG_COMPILER_APPICON_NAME = AppIcon;
				COMBINE_HIDPI_IMAGES = YES;
				INFOPLIST_FILE = IconBuilder/Info.plist;
				LD_RUNPATH_SEARCH_PATHS = "$(inherited) @executable_path/../Frameworks";
				PRODUCT_BUNDLE_IDENTIFIER = com.yopeso.IconBuilder;
				PRODUCT_NAME = "$(TARGET_NAME)";
			};
			name = Debug;
		};
		75F871231BF26AA400DE4C75 /* Release */ = {
			isa = XCBuildConfiguration;
			buildSettings = {
				ASSETCATALOG_COMPILER_APPICON_NAME = AppIcon;
				COMBINE_HIDPI_IMAGES = YES;
				INFOPLIST_FILE = IconBuilder/Info.plist;
				LD_RUNPATH_SEARCH_PATHS = "$(inherited) @executable_path/../Frameworks";
				PRODUCT_BUNDLE_IDENTIFIER = com.yopeso.IconBuilder;
				PRODUCT_NAME = "$(TARGET_NAME)";
			};
			name = Release;
		};
		75F871251BF26AA400DE4C75 /* Debug */ = {
			isa = XCBuildConfiguration;
			buildSettings = {
				BUNDLE_LOADER = "$(TEST_HOST)";
				COMBINE_HIDPI_IMAGES = YES;
				INFOPLIST_FILE = IconBuilderTests/Info.plist;
				LD_RUNPATH_SEARCH_PATHS = "$(inherited) @executable_path/../Frameworks @loader_path/../Frameworks";
				PRODUCT_BUNDLE_IDENTIFIER = com.yopeso.IconBuilderTests;
				PRODUCT_NAME = "$(TARGET_NAME)";
				TEST_HOST = "$(BUILT_PRODUCTS_DIR)/IconBuilder.app/Contents/MacOS/IconBuilder";
			};
			name = Debug;
		};
		75F871261BF26AA400DE4C75 /* Release */ = {
			isa = XCBuildConfiguration;
			buildSettings = {
				BUNDLE_LOADER = "$(TEST_HOST)";
				COMBINE_HIDPI_IMAGES = YES;
				INFOPLIST_FILE = IconBuilderTests/Info.plist;
				LD_RUNPATH_SEARCH_PATHS = "$(inherited) @executable_path/../Frameworks @loader_path/../Frameworks";
				PRODUCT_BUNDLE_IDENTIFIER = com.yopeso.IconBuilderTests;
				PRODUCT_NAME = "$(TARGET_NAME)";
				TEST_HOST = "$(BUILT_PRODUCTS_DIR)/IconBuilder.app/Contents/MacOS/IconBuilder";
			};
			name = Release;
		};
/* End XCBuildConfiguration section */

/* Begin XCConfigurationList section */
		0D74B1D61BFE8AFD006D6903 /* Build configuration list for PBXNativeTarget "XZibit" */ = {
			isa = XCConfigurationList;
			buildConfigurations = (
				0D74B1D41BFE8AFD006D6903 /* Debug */,
				0D74B1D51BFE8AFD006D6903 /* Release */,
			);
			defaultConfigurationIsVisible = 0;
			defaultConfigurationName = Release;
		};
		75F870F71BF26AA400DE4C75 /* Build configuration list for PBXProject "IconBuilder" */ = {
			isa = XCConfigurationList;
			buildConfigurations = (
				75F8711F1BF26AA400DE4C75 /* Debug */,
				75F871201BF26AA400DE4C75 /* Release */,
			);
			defaultConfigurationIsVisible = 0;
			defaultConfigurationName = Release;
		};
		75F871211BF26AA400DE4C75 /* Build configuration list for PBXNativeTarget "IconBuilder" */ = {
			isa = XCConfigurationList;
			buildConfigurations = (
				75F871221BF26AA400DE4C75 /* Debug */,
				75F871231BF26AA400DE4C75 /* Release */,
			);
			defaultConfigurationIsVisible = 0;
			defaultConfigurationName = Release;
		};
		75F871241BF26AA400DE4C75 /* Build configuration list for PBXNativeTarget "IconBuilderTests" */ = {
			isa = XCConfigurationList;
			buildConfigurations = (
				75F871251BF26AA400DE4C75 /* Debug */,
				75F871261BF26AA400DE4C75 /* Release */,
			);
			defaultConfigurationIsVisible = 0;
			defaultConfigurationName = Release;
		};
/* End XCConfigurationList section */
	};
	rootObject = 75F870F41BF26AA400DE4C75 /* Project object */;
}
